
Microsoft Visual Studio Solution File, Format Version 12.00
# Visual Studio Version 16
VisualStudioVersion = 16.0.29814.53
MinimumVisualStudioVersion = 10.0.40219.1
Project("{FAE04EC0-301F-11D3-BF4B-00C04F79EFBC}") = "WpfListViewExtendedSelectionIssue", "WpfListViewExtendedSelectionIssue\WpfListViewExtendedSelectionIssue.csproj", "{392CBE9C-3ED1-4167-88EF-7AD9008B0C3B}"
EndProject
Global
	GlobalSection(SolutionConfigurationPlatforms) = preSolution
		Debug|Any CPU = Debug|Any CPU
		Release|Any CPU = Release|Any CPU
	EndGlobalSection
	GlobalSection(ProjectConfigurationPlatforms) = postSolution
		{392CBE9C-3ED1-4167-88EF-7AD9008B0C3B}.Debug|Any CPU.ActiveCfg = Debug|Any CPU
		{392CBE9C-3ED1-4167-88EF-7AD9008B0C3B}.Debug|Any CPU.Build.0 = Debug|Any CPU
		{392CBE9C-3ED1-4167-88EF-7AD9008B0C3B}.Release|Any CPU.ActiveCfg = Release|Any CPU
		{392CBE9C-3ED1-4167-88EF-7AD9008B0C3B}.Release|Any CPU.Build.0 = Release|Any CPU
	EndGlobalSection
	GlobalSection(SolutionProperties) = preSolution
		HideSolutionNode = FALSE
	EndGlobalSection
	GlobalSection(ExtensibilityGlobals) = postSolution
		SolutionGuid = {DF396547-558B-4403-AD31-A302CC4D5B60}
	EndGlobalSection
EndGlobal
